{
  "name": "crud-be",
  "version": "1.0.0",
  "lockfileVersion": 1,
  "requires": true,
  "dependencies": {
    "@cspotcode/source-map-support": {
      "version": "0.8.1",
      "resolved": "https://registry.npmjs.org/@cspotcode/source-map-support/-/source-map-support-0.8.1.tgz",
      "integrity": "sha512-IchNf6dN4tHoMFIn/7OE8LWZ19Y6q/67Bmf6vnGREv8RSbBVb9LPJxEcnwrcwX6ixSvaiGoomAUvu4YSxXrVgw==",
      "dev": true,
      "requires": {
        "@jridgewell/trace-mapping": "0.3.9"
      }
    },
    "@hapi/hoek": {
      "version": "9.3.0",
      "resolved": "https://registry.npmjs.org/@hapi/hoek/-/hoek-9.3.0.tgz",
      "integrity": "sha512-/c6rf4UJlmHlC9b5BaNvzAcFv7HZ2QHaV0D4/HNlBdvFnvQq8RI4kYdhyPCl7Xj+oWvTWQ8ujhqS53LIgAe6KQ==",
      "dev": true
    },
    "@hapi/topo": {
      "version": "5.1.0",
      "resolved": "https://registry.npmjs.org/@hapi/topo/-/topo-5.1.0.tgz",
      "integrity": "sha512-foQZKJig7Ob0BMAYBfcJk8d77QtOe7Wo4ox7ff1lQYoNNAb6jwcY1ncdoy2e9wQZzvNy7ODZCYJkK8kzmcAnAg==",
      "dev": true,
      "requires": {
        "@hapi/hoek": "^9.0.0"
      }
    },
    "@jridgewell/resolve-uri": {
      "version": "3.1.1",
      "resolved": "https://registry.npmjs.org/@jridgewell/resolve-uri/-/resolve-uri-3.1.1.tgz",
      "integrity": "sha512-dSYZh7HhCDtCKm4QakX0xFpsRDqjjtZf/kjI/v3T3Nwt5r8/qz/M19F9ySyOqU94SXBmeG9ttTul+YnR4LOxFA==",
      "dev": true
    },
    "@jridgewell/sourcemap-codec": {
      "version": "1.4.15",
      "resolved": "https://registry.npmjs.org/@jridgewell/sourcemap-codec/-/sourcemap-codec-1.4.15.tgz",
      "integrity": "sha512-eF2rxCRulEKXHTRiDrDy6erMYWqNw4LPdQ8UQA4huuxaQsVeRPFl2oM8oDGxMFhJUWZf9McpLtJasDDZb/Bpeg==",
      "dev": true
    },
    "@jridgewell/trace-mapping": {
      "version": "0.3.9",
      "resolved": "https://registry.npmjs.org/@jridgewell/trace-mapping/-/trace-mapping-0.3.9.tgz",
      "integrity": "sha512-3Belt6tdc8bPgAtbcmdtNJlirVoTmEb5e2gC94PnkwEW9jI6CAHUeoG85tjWP5WquqfavoMtMwiG4P926ZKKuQ==",
      "dev": true,
      "requires": {
        "@jridgewell/resolve-uri": "^3.0.3",
        "@jridgewell/sourcemap-codec": "^1.4.10"
      }
    },
    "@mongodb-js/saslprep": {
      "version": "1.1.3",
      "resolved": "https://registry.npmjs.org/@mongodb-js/saslprep/-/saslprep-1.1.3.tgz",
      "integrity": "sha512-SyCxhJfmK6MoLNV5SbDpNdUy9SDv5H7y9/9rl3KpnwgTHWuNNMc87zWqbcIZXNWY+aUjxLGLEcvHoLagG4tWCg==",
      "optional": true,
      "requires": {
        "sparse-bitfield": "^3.0.3"
      }
    },
    "@sideway/address": {
      "version": "4.1.4",
      "resolved": "https://registry.npmjs.org/@sideway/address/-/address-4.1.4.tgz",
      "integrity": "sha512-7vwq+rOHVWjyXxVlR76Agnvhy8I9rpzjosTESvmhNeXOXdZZB15Fl+TI9x1SiHZH5Jv2wTGduSxFDIaq0m3DUw==",
      "dev": true,
      "requires": {
        "@hapi/hoek": "^9.0.0"
      }
    },
    "@sideway/formula": {
      "version": "3.0.1",
      "resolved": "https://registry.npmjs.org/@sideway/formula/-/formula-3.0.1.tgz",
      "integrity": "sha512-/poHZJJVjx3L+zVD6g9KgHfYnb443oi7wLu/XKojDviHy6HOEOA6z1Trk5aR1dGcmPenJEgb2sK2I80LeS3MIg==",
      "dev": true
    },
    "@sideway/pinpoint": {
      "version": "2.0.0",
      "resolved": "https://registry.npmjs.org/@sideway/pinpoint/-/pinpoint-2.0.0.tgz",
      "integrity": "sha512-RNiOoTPkptFtSVzQevY/yWtZwf/RxyVnPy/OcA9HBM3MlGDnBEYL5B41H0MTn0Uec8Hi+2qUtTfG2WWZBmMejQ==",
      "dev": true
    },
    "@tsconfig/node10": {
      "version": "1.0.9",
      "resolved": "https://registry.npmjs.org/@tsconfig/node10/-/node10-1.0.9.tgz",
      "integrity": "sha512-jNsYVVxU8v5g43Erja32laIDHXeoNvFEpX33OK4d6hljo3jDhCBDhx5dhCCTMWUojscpAagGiRkBKxpdl9fxqA==",
      "dev": true
    },
    "@tsconfig/node12": {
      "version": "1.0.11",
      "resolved": "https://registry.npmjs.org/@tsconfig/node12/-/node12-1.0.11.tgz",
      "integrity": "sha512-cqefuRsh12pWyGsIoBKJA9luFu3mRxCA+ORZvA4ktLSzIuCUtWVxGIuXigEwO5/ywWFMZ2QEGKWvkZG1zDMTag==",
      "dev": true
    },
    "@tsconfig/node14": {
      "version": "1.0.3",
      "resolved": "https://registry.npmjs.org/@tsconfig/node14/-/node14-1.0.3.tgz",
      "integrity": "sha512-ysT8mhdixWK6Hw3i1V2AeRqZ5WfXg1G43mqoYlM2nc6388Fq5jcXyr5mRsqViLx/GJYdoL0bfXD8nmF+Zn/Iow==",
      "dev": true
    },
    "@tsconfig/node16": {
      "version": "1.0.4",
      "resolved": "https://registry.npmjs.org/@tsconfig/node16/-/node16-1.0.4.tgz",
      "integrity": "sha512-vxhUy4J8lyeyinH7Azl1pdd43GJhZH/tP2weN8TntQblOY+A0XbT8DJk1/oCPuOOyg/Ja757rG0CgHcWC8OfMA==",
      "dev": true
    },
    "@types/boom": {
      "version": "7.3.5",
      "resolved": "https://registry.npmjs.org/@types/boom/-/boom-7.3.5.tgz",
      "integrity": "sha512-jBS0kU2s9W2sx+ILEyO4kxqIYLllqcUXTaVrBctvGptZ+4X3TWkkgY9+AmxdMPKrgiDDdLcfsaQCTu7bniLvgw==",
      "dev": true
    },
    "@types/catbox": {
      "version": "10.0.9",
      "resolved": "https://registry.npmjs.org/@types/catbox/-/catbox-10.0.9.tgz",
      "integrity": "sha512-4qXm1SmZurBMNFc/536+7gfbOlN43fWyoo4O0bdLqtpDK/cpuCYnEDou0Cl4naaMwuJ19rEwnuscR7tetGnTDA==",
      "dev": true
    },
    "@types/hapi": {
      "version": "18.0.14",
      "resolved": "https://registry.npmjs.org/@types/hapi/-/hapi-18.0.14.tgz",
      "integrity": "sha512-/AlCHpOTzHOX7WYGlQAhL75Ca5gsm0S6X7mkW6RWW06e4Eot6xPm76qGXPHagVrpfs8qTKJdysJah/Uhtr8ojw==",
      "dev": true,
      "requires": {
        "@types/boom": "*",
        "@types/catbox": "*",
        "@types/iron": "*",
        "@types/mimos": "*",
        "@types/node": "*",
        "@types/podium": "*",
        "@types/shot": "*",
        "joi": "^17.3.0"
      }
    },
    "@types/iron": {
      "version": "5.0.5",
      "resolved": "https://registry.npmjs.org/@types/iron/-/iron-5.0.5.tgz",
      "integrity": "sha512-ndu2RvRJ5LWsSVF0kBMJe9qnNcFcAO9eYwzr2P4FOU6m5ypRrbdiX+d8x4GNG7lIn1mKShyQf3M08CIX4wPsEA==",
      "dev": true,
      "requires": {
        "@types/node": "*"
      }
    },
    "@types/mime-db": {
      "version": "1.43.5",
      "resolved": "https://registry.npmjs.org/@types/mime-db/-/mime-db-1.43.5.tgz",
      "integrity": "sha512-/bfTiIUTNPUBnwnYvUxXAre5MhD88jgagLEQiQtIASjU+bwxd8kS/ASDA4a8ufd8m0Lheu6eeMJHEUpLHoJ28A==",
      "dev": true
    },
    "@types/mimos": {
      "version": "3.0.6",
      "resolved": "https://registry.npmjs.org/@types/mimos/-/mimos-3.0.6.tgz",
      "integrity": "sha512-pQlYu/Q1e5F5lyu7ATW4J2cyPOfjhRHZgAepZlKBbHqqAjshteHtNLqBXgx7KV5GjXjPLXWUvbzWaGwmVFPaYA==",
      "dev": true,
      "requires": {
        "@types/mime-db": "*"
      }
    },
    "@types/node": {
      "version": "20.11.0",
      "resolved": "https://registry.npmjs.org/@types/node/-/node-20.11.0.tgz",
      "integrity": "sha512-o9bjXmDNcF7GbM4CNQpmi+TutCgap/K3w1JyKgxAjqx41zp9qlIAVFi0IhCNsJcXolEqLWhbFbEeL0PvYm4pcQ==",
      "requires": {
        "undici-types": "~5.26.4"
      }
    },
    "@types/podium": {
      "version": "1.0.4",
      "resolved": "https://registry.npmjs.org/@types/podium/-/podium-1.0.4.tgz",
      "integrity": "sha512-HuG5/hRHs9PxuXXlNFXPy7mHMnBD6Z4riED2SFGwjs+RcszJUkxLgYHQpoiDpYrhLv7sHk9WDyswybD6aNYkig==",
      "dev": true
    },
    "@types/shot": {
      "version": "4.0.5",
      "resolved": "https://registry.npmjs.org/@types/shot/-/shot-4.0.5.tgz",
      "integrity": "sha512-4wiGdy1sXfpcFgF1VAouUaSl6zjWn0v2NarNgviAJYm3BeiODywERnRtIC5YtNIbfh3UfShfCRD9yyeWAD7R0w==",
      "dev": true,
      "requires": {
        "@types/node": "*"
      }
    },
    "@types/strip-bom": {
      "version": "3.0.0",
      "resolved": "https://registry.npmjs.org/@types/strip-bom/-/strip-bom-3.0.0.tgz",
      "integrity": "sha512-xevGOReSYGM7g/kUBZzPqCrR/KYAo+F0yiPc85WFTJa0MSLtyFTVTU6cJu/aV4mid7IffDIWqo69THF2o4JiEQ==",
      "dev": true
    },
    "@types/strip-json-comments": {
      "version": "0.0.30",
      "resolved": "https://registry.npmjs.org/@types/strip-json-comments/-/strip-json-comments-0.0.30.tgz",
      "integrity": "sha512-7NQmHra/JILCd1QqpSzl8+mJRc8ZHz3uDm8YV1Ks9IhK0epEiTw8aIErbvH9PI+6XbqhyIQy3462nEsn7UVzjQ==",
      "dev": true
    },
    "@types/webidl-conversions": {
      "version": "7.0.3",
      "resolved": "https://registry.npmjs.org/@types/webidl-conversions/-/webidl-conversions-7.0.3.tgz",
      "integrity": "sha512-CiJJvcRtIgzadHCYXw7dqEnMNRjhGZlYK05Mj9OyktqV8uVT8fD2BFOB7S1uwBE3Kj2Z+4UyPmFw/Ixgw/LAlA=="
    },
    "@types/whatwg-url": {
      "version": "8.2.2",
      "resolved": "https://registry.npmjs.org/@types/whatwg-url/-/whatwg-url-8.2.2.tgz",
      "integrity": "sha512-FtQu10RWgn3D9U4aazdwIE2yzphmTJREDqNdODHrbrZmmMqI0vMheC/6NE/J1Yveaj8H+ela+YwWTjq5PGmuhA==",
      "requires": {
        "@types/node": "*",
        "@types/webidl-conversions": "*"
      }
    },
    "acorn": {
      "version": "8.11.3",
      "resolved": "https://registry.npmjs.org/acorn/-/acorn-8.11.3.tgz",
      "integrity": "sha512-Y9rRfJG5jcKOE0CLisYbojUjIrIEE7AGMzA/Sm4BslANhbS+cDMpgBdcPT91oJ7OuJ9hYJBx59RjbhxVnrF8Xg==",
      "dev": true
    },
    "acorn-walk": {
      "version": "8.3.2",
      "resolved": "https://registry.npmjs.org/acorn-walk/-/acorn-walk-8.3.2.tgz",
      "integrity": "sha512-cjkyv4OtNCIeqhHrfS81QWXoCBPExR/J62oyEqepVw8WaQeSqpW2uhuLPh1m9eWhDuOo/jUXVTlifvesOWp/4A==",
      "dev": true
    },
    "anymatch": {
      "version": "3.1.3",
      "resolved": "https://registry.npmjs.org/anymatch/-/anymatch-3.1.3.tgz",
      "integrity": "sha512-KMReFUr0B4t+D+OBkjR3KYqvocp2XaSzO55UcB6mgQMd3KbcE+mWTyvVV7D/zsdEbNnV6acZUutkiHQXvTr1Rw==",
      "dev": true,
      "requires": {
        "normalize-path": "^3.0.0",
        "picomatch": "^2.0.4"
      }
    },
    "arg": {
      "version": "4.1.3",
      "resolved": "https://registry.npmjs.org/arg/-/arg-4.1.3.tgz",
      "integrity": "sha512-58S9QDqG0Xx27YwPSt9fJxivjYl432YCwfDMfZ+71RAqUrZef7LrKQZ3LHLOwCS4FLNBplP533Zx895SeOCHvA==",
      "dev": true
    },
    "balanced-match": {
      "version": "1.0.2",
      "resolved": "https://registry.npmjs.org/balanced-match/-/balanced-match-1.0.2.tgz",
      "integrity": "sha512-3oSeUO0TMV67hN1AmbXsK4yaqU7tjiHlbxRDZOpH0KW9+CeX4bRAaX0Anxt0tx2MrpRpWwQaPwIlISEJhYU5Pw==",
      "dev": true
    },
    "binary-extensions": {
      "version": "2.2.0",
      "resolved": "https://registry.npmjs.org/binary-extensions/-/binary-extensions-2.2.0.tgz",
      "integrity": "sha512-jDctJ/IVQbZoJykoeHbhXpOlNBqGNcwXJKJog42E5HDPUwQTSdjCHdihjj0DlnheQ7blbT6dHOafNAiS8ooQKA==",
      "dev": true
    },
    "brace-expansion": {
      "version": "1.1.11",
      "resolved": "https://registry.npmjs.org/brace-expansion/-/brace-expansion-1.1.11.tgz",
      "integrity": "sha512-iCuPHDFgrHX7H2vEI/5xpz07zSHB00TpugqhmYtVmMO6518mCuRMoOYFldEBl0g187ufozdaHgWKcYFb61qGiA==",
      "dev": true,
      "requires": {
        "balanced-match": "^1.0.0",
        "concat-map": "0.0.1"
      }
    },
    "braces": {
      "version": "3.0.2",
      "resolved": "https://registry.npmjs.org/braces/-/braces-3.0.2.tgz",
      "integrity": "sha512-b8um+L1RzM3WDSzvhm6gIz1yfTbBt6YTlcEKAvsmqCZZFw46z626lVj9j1yEPW33H5H+lBQpZMP1k8l+78Ha0A==",
      "dev": true,
      "requires": {
        "fill-range": "^7.0.1"
      }
    },
    "bson": {
      "version": "5.5.1",
      "resolved": "https://registry.npmjs.org/bson/-/bson-5.5.1.tgz",
      "integrity": "sha512-ix0EwukN2EpC0SRWIj/7B5+A6uQMQy6KMREI9qQqvgpkV2frH63T0UDVd1SYedL6dNCmDBYB3QtXi4ISk9YT+g=="
    },
    "buffer-from": {
      "version": "1.1.2",
      "resolved": "https://registry.npmjs.org/buffer-from/-/buffer-from-1.1.2.tgz",
      "integrity": "sha512-E+XQCRwSbaaiChtv6k6Dwgc+bx+Bs6vuKJHHl5kox/BaKbhiXzqQOwK4cO22yElGp2OCmjwVhT3HmxgyPGnJfQ==",
      "dev": true
    },
    "chokidar": {
      "version": "3.5.3",
      "resolved": "https://registry.npmjs.org/chokidar/-/chokidar-3.5.3.tgz",
      "integrity": "sha512-Dr3sfKRP6oTcjf2JmUmFJfeVMvXBdegxB0iVQ5eb2V10uFJUCAS8OByZdVAyVb8xXNz3GjjTgj9kLWsZTqE6kw==",
      "dev": true,
      "requires": {
        "anymatch": "~3.1.2",
        "braces": "~3.0.2",
        "fsevents": "~2.3.2",
        "glob-parent": "~5.1.2",
        "is-binary-path": "~2.1.0",
        "is-glob": "~4.0.1",
        "normalize-path": "~3.0.0",
        "readdirp": "~3.6.0"
      }
    },
    "concat-map": {
      "version": "0.0.1",
      "resolved": "https://registry.npmjs.org/concat-map/-/concat-map-0.0.1.tgz",
      "integrity": "sha512-/Srv4dswyQNBfohGpz9o6Yb3Gz3SrUDqBH5rTuhGR7ahtlbYKnVxw2bCFMRljaA7EXHaXZ8wsHdodFvbkhKmqg==",
      "dev": true
    },
    "create-require": {
      "version": "1.1.1",
      "resolved": "https://registry.npmjs.org/create-require/-/create-require-1.1.1.tgz",
      "integrity": "sha512-dcKFX3jn0MpIaXjisoRvexIJVEKzaq7z2rZKxf+MSr9TkdmHmsU4m2lcLojrj/FHl8mk5VxMmYA+ftRkP/3oKQ==",
      "dev": true
    },
    "debug": {
      "version": "4.3.4",
      "resolved": "https://registry.npmjs.org/debug/-/debug-4.3.4.tgz",
      "integrity": "sha512-PRWFHuSU3eDtQJPvnNY7Jcket1j0t5OuOsFzPPzsekD52Zl8qUfFIPEiswXqIvHWGVHOgX+7G/vCNNhehwxfkQ==",
      "requires": {
        "ms": "2.1.2"
      },
      "dependencies": {
        "ms": {
          "version": "2.1.2",
          "resolved": "https://registry.npmjs.org/ms/-/ms-2.1.2.tgz",
          "integrity": "sha512-sGkPx+VjMtmA6MX27oA4FBFELFCZZ4S4XqeGOXCv68tT+jb3vk/RyaKWP0PTKyWtmLSM0b+adUTEvbs1PEaH2w=="
        }
      }
    },
    "diff": {
      "version": "4.0.2",
      "resolved": "https://registry.npmjs.org/diff/-/diff-4.0.2.tgz",
      "integrity": "sha512-58lmxKSA4BNyLz+HHMUzlOEpg09FV+ev6ZMe3vJihgdxzgcwZ8VoEEPmALCZG9LmqfVoNMMKpttIYTVG6uDY7A==",
      "dev": true
    },
    "dynamic-dedupe": {
      "version": "0.3.0",
      "resolved": "https://registry.npmjs.org/dynamic-dedupe/-/dynamic-dedupe-0.3.0.tgz",
      "integrity": "sha512-ssuANeD+z97meYOqd50e04Ze5qp4bPqo8cCkI4TRjZkzAUgIDTrXV1R8QCdINpiI+hw14+rYazvTRdQrz0/rFQ==",
      "dev": true,
      "requires": {
        "xtend": "^4.0.0"
      }
    },
    "fill-range": {
      "version": "7.0.1",
      "resolved": "https://registry.npmjs.org/fill-range/-/fill-range-7.0.1.tgz",
      "integrity": "sha512-qOo9F+dMUmC2Lcb4BbVvnKJxTPjCm+RRpe4gDuGrzkL7mEVl/djYSu2OdQ2Pa302N4oqkSg9ir6jaLWJ2USVpQ==",
      "dev": true,
      "requires": {
        "to-regex-range": "^5.0.1"
      }
    },
    "fs.realpath": {
      "version": "1.0.0",
      "resolved": "https://registry.npmjs.org/fs.realpath/-/fs.realpath-1.0.0.tgz",
      "integrity": "sha512-OO0pH2lK6a0hZnAdau5ItzHPI6pUlvI7jMVnxUQRtw4owF2wk8lOSabtGDCTP4Ggrg2MbGnWO9X8K1t4+fGMDw==",
      "dev": true
    },
    "fsevents": {
      "version": "2.3.3",
      "resolved": "https://registry.npmjs.org/fsevents/-/fsevents-2.3.3.tgz",
      "integrity": "sha512-5xoDfX+fL7faATnagmWPpbFtwh/R77WmMMqqHGS65C3vvB0YHrgF+B1YmZ3441tMj5n63k0212XNoJwzlhffQw==",
      "dev": true,
      "optional": true
    },
    "function-bind": {
      "version": "1.1.2",
      "resolved": "https://registry.npmjs.org/function-bind/-/function-bind-1.1.2.tgz",
      "integrity": "sha512-7XHNxH7qX9xG5mIwxkhumTox/MIRNcOgDrxWsMt2pAr23WHp6MrRlN7FBSFpCpr+oVO0F744iUgR82nJMfG2SA==",
      "dev": true
    },
    "glob": {
      "version": "7.2.3",
      "resolved": "https://registry.npmjs.org/glob/-/glob-7.2.3.tgz",
      "integrity": "sha512-nFR0zLpU2YCaRxwoCJvL6UvCH2JFyFVIvwTLsIf21AuHlMskA1hhTdk+LlYJtOlYt9v6dvszD2BGRqBL+iQK9Q==",
      "dev": true,
      "requires": {
        "fs.realpath": "^1.0.0",
        "inflight": "^1.0.4",
        "inherits": "2",
        "minimatch": "^3.1.1",
        "once": "^1.3.0",
        "path-is-absolute": "^1.0.0"
      }
    },
    "glob-parent": {
      "version": "5.1.2",
      "resolved": "https://registry.npmjs.org/glob-parent/-/glob-parent-5.1.2.tgz",
      "integrity": "sha512-AOIgSQCepiJYwP3ARnGx+5VnTu2HBYdzbGP45eLw1vr3zB3vZLeyed1sC9hnbcOc9/SrMyM5RPQrkGz4aS9Zow==",
      "dev": true,
      "requires": {
        "is-glob": "^4.0.1"
      }
    },
    "hapi": {
      "version": "18.1.0",
      "resolved": "https://registry.npmjs.org/hapi/-/hapi-18.1.0.tgz",
      "integrity": "sha512-nSU1VLyTAgp7P5gy47QzJIP2JAb+wOFvJIV3gnL0lFj/mD+HuTXhyUsDYXjF/dhADMVXVEz31z6SUHBJhtsvGA==",
      "requires": {
        "accept": "3.x.x",
        "ammo": "3.x.x",
        "boom": "7.x.x",
        "bounce": "1.x.x",
        "call": "5.x.x",
        "catbox": "10.x.x",
        "catbox-memory": "4.x.x",
        "heavy": "6.x.x",
        "hoek": "6.x.x",
        "joi": "14.x.x",
        "mimos": "4.x.x",
        "podium": "3.x.x",
        "shot": "4.x.x",
        "somever": "2.x.x",
        "statehood": "6.x.x",
        "subtext": "6.x.x",
        "teamwork": "3.x.x",
        "topo": "3.x.x"
      },
      "dependencies": {
        "accept": {
          "version": "3.1.3",
          "resolved": "https://registry.npmjs.org/accept/-/accept-3.1.3.tgz",
          "integrity": "sha512-OgOEAidVEOKPup+Gv2+2wdH2AgVKI9LxsJ4hicdJ6cY0faUuZdZoi56kkXWlHp9qicN1nWQLmW5ZRGk+SBS5xg==",
          "requires": {
            "boom": "7.x.x",
            "hoek": "6.x.x"
          }
        },
        "ammo": {
          "version": "3.0.3",
          "resolved": "https://registry.npmjs.org/ammo/-/ammo-3.0.3.tgz",
          "integrity": "sha512-vo76VJ44MkUBZL/BzpGXaKzMfroF4ZR6+haRuw9p+eSWfoNaH2AxVc8xmiEPC08jhzJSeM6w7/iMUGet8b4oBQ==",
          "requires": {
            "hoek": "6.x.x"
          }
        },
        "b64": {
          "version": "4.1.2",
          "resolved": "https://registry.npmjs.org/b64/-/b64-4.1.2.tgz",
          "integrity": "sha512-+GUspBxlH3CJaxMUGUE1EBoWM6RKgWiYwUDal0qdf8m3ArnXNN1KzKVo5HOnE/FSq4HHyWf3TlHLsZI8PKQgrQ==",
          "requires": {
            "hoek": "6.x.x"
          }
        },
        "boom": {
          "version": "7.3.0",
          "resolved": "https://registry.npmjs.org/boom/-/boom-7.3.0.tgz",
          "integrity": "sha512-Swpoyi2t5+GhOEGw8rEsKvTxFLIDiiKoUc2gsoV6Lyr43LHBIzch3k2MvYUs8RTROrIkVJ3Al0TkaOGjnb+B6A==",
          "requires": {
            "hoek": "6.x.x"
          }
        },
        "bounce": {
          "version": "1.2.3",
          "resolved": "https://registry.npmjs.org/bounce/-/bounce-1.2.3.tgz",
          "integrity": "sha512-3G7B8CyBnip5EahCZJjnvQ1HLyArC6P5e+xcolo13BVI9ogFaDOsNMAE7FIWliHtIkYI8/nTRCvCY9tZa3Mu4g==",
          "requires": {
            "boom": "7.x.x",
            "hoek": "6.x.x"
          }
        },
        "bourne": {
          "version": "1.1.1",
          "resolved": "https://registry.npmjs.org/bourne/-/bourne-1.1.1.tgz",
          "integrity": "sha512-Ou0l3W8+n1FuTOoIfIrCk9oF9WVWc+9fKoAl67XQr9Ws0z7LgILRZ7qtc9xdT4BveSKtnYXfKPgn8pFAqeQRew=="
        },
        "call": {
          "version": "5.0.3",
          "resolved": "https://registry.npmjs.org/call/-/call-5.0.3.tgz",
          "integrity": "sha512-eX16KHiAYXugbFu6VifstSdwH6aMuWWb4s0qvpq1nR1b+Sf+u68jjttg8ixDBEldPqBi30bDU35OJQWKeTLKxg==",
          "requires": {
            "boom": "7.x.x",
            "hoek": "6.x.x"
          }
        },
        "catbox": {
          "version": "10.0.6",
          "resolved": "https://registry.npmjs.org/catbox/-/catbox-10.0.6.tgz",
          "integrity": "sha512-gQWCnF/jbHcfwGbQ4FQxyRiAwLRipqWTTXjpq7rTqqdcsnZosFa0L3LsCZcPTF33QIeMMkS7QmFBHt6QdzGPvg==",
          "requires": {
            "boom": "7.x.x",
            "hoek": "6.x.x",
            "joi": "14.x.x"
          }
        },
        "catbox-memory": {
          "version": "4.0.1",
          "resolved": "https://registry.npmjs.org/catbox-memory/-/catbox-memory-4.0.1.tgz",
          "integrity": "sha512-ZmqNiLsYCIu9qvBJ/MQbznDV2bFH5gFiH67TgIJgSSffJFtTXArT+MM3AvJQlby9NSkLHOX4eH/uuUqnch/Ldw==",
          "requires": {
            "boom": "7.x.x",
            "hoek": "6.x.x"
          }
        },
        "content": {
          "version": "4.0.6",
          "resolved": "https://registry.npmjs.org/content/-/content-4.0.6.tgz",
          "integrity": "sha512-lR9ND3dXiMdmsE84K6l02rMdgiBVmtYWu1Vr/gfSGHcIcznBj2QxmSdUgDuNFOA+G9yrb1IIWkZ7aKtB6hDGyA==",
          "requires": {
            "boom": "7.x.x"
          }
        },
        "cryptiles": {
          "version": "4.1.3",
          "resolved": "https://registry.npmjs.org/cryptiles/-/cryptiles-4.1.3.tgz",
          "integrity": "sha512-gT9nyTMSUC1JnziQpPbxKGBbUg8VL7Zn2NB4E1cJYvuXdElHrwxrV9bmltZGDzet45zSDGyYceueke1TjynGzw==",
          "requires": {
            "boom": "7.x.x"
          }
        },
        "heavy": {
          "version": "6.1.2",
          "resolved": "https://registry.npmjs.org/heavy/-/heavy-6.1.2.tgz",
          "integrity": "sha512-cJp884bqhiebNcEHydW0g6V1MUGYOXRPw9c7MFiHQnuGxtbWuSZpsbojwb2kxb3AA1/Rfs8CNiV9MMOF8pFRDg==",
          "requires": {
            "boom": "7.x.x",
            "hoek": "6.x.x",
            "joi": "14.x.x"
          }
        },
        "hoek": {
          "version": "6.1.2",
          "resolved": "https://registry.npmjs.org/hoek/-/hoek-6.1.2.tgz",
          "integrity": "sha512-6qhh/wahGYZHFSFw12tBbJw5fsAhhwrrG/y3Cs0YMTv2WzMnL0oLPnQJjv1QJvEfylRSOFuP+xCu+tdx0tD16Q=="
        },
        "iron": {
          "version": "5.0.6",
          "resolved": "https://registry.npmjs.org/iron/-/iron-5.0.6.tgz",
          "integrity": "sha512-zYUMOSkEXGBdwlV/AXF9zJC0aLuTJUKHkGeYS5I2g225M5i6SrxQyGJGhPgOR8BK1omL6N5i6TcwfsXbP8/Exw==",
          "requires": {
            "b64": "4.x.x",
            "boom": "7.x.x",
            "cryptiles": "4.x.x",
            "hoek": "6.x.x"
          }
        },
        "joi": {
          "version": "14.3.1",
          "resolved": "https://registry.npmjs.org/joi/-/joi-14.3.1.tgz",
          "integrity": "sha512-LQDdM+pkOrpAn4Lp+neNIFV3axv1Vna3j38bisbQhETPMANYRbFJFUyOZcOClYvM/hppMhGWuKSFEK9vjrB+bQ==",
          "requires": {
            "hoek": "6.x.x",
            "isemail": "3.x.x",
            "topo": "3.x.x"
          }
        },
        "mime-db": {
          "version": "1.37.0",
          "resolved": "https://registry.npmjs.org/mime-db/-/mime-db-1.37.0.tgz",
          "integrity": "sha512-R3C4db6bgQhlIhPU48fUtdVmKnflq+hRdad7IyKhtFj06VPNVdk2RhiYL3UjQIlso8L+YxAtFkobT0VK+S/ybg=="
        },
        "mimos": {
          "version": "4.0.2",
          "resolved": "https://registry.npmjs.org/mimos/-/mimos-4.0.2.tgz",
          "integrity": "sha512-5XBsDqBqzSN88XPPH/TFpOalWOjHJM5Z2d3AMx/30iq+qXvYKd/8MPhqBwZDOLtoaIWInR3nLzMQcxfGK9djXA==",
          "requires": {
            "hoek": "6.x.x",
            "mime-db": "1.x.x"
          }
        },
        "nigel": {
          "version": "3.0.4",
          "resolved": "https://registry.npmjs.org/nigel/-/nigel-3.0.4.tgz",
          "integrity": "sha512-3SZCCS/duVDGxFpTROHEieC+itDo4UqL9JNUyQJv3rljudQbK6aqus5B4470OxhESPJLN93Qqxg16rH7DUjbfQ==",
          "requires": {
            "hoek": "6.x.x",
            "vise": "3.x.x"
          }
        },
        "pez": {
          "version": "4.0.5",
          "resolved": "https://registry.npmjs.org/pez/-/pez-4.0.5.tgz",
          "integrity": "sha512-HvL8uiFIlkXbx/qw4B8jKDCWzo7Pnnd65Uvanf9OOCtb20MRcb9gtTVBf9NCnhETif1/nzbDHIjAWC/sUp7LIQ==",
          "requires": {
            "b64": "4.x.x",
            "boom": "7.x.x",
            "content": "4.x.x",
            "hoek": "6.x.x",
            "nigel": "3.x.x"
          }
        },
        "podium": {
          "version": "3.2.0",
          "resolved": "https://registry.npmjs.org/podium/-/podium-3.2.0.tgz",
          "integrity": "sha512-rbwvxwVkI6gRRlxZQ1zUeafrpGxZ7QPHIheinehAvGATvGIPfWRkaTeWedc5P4YjXJXEV8ZbBxPtglNylF9hjw==",
          "requires": {
            "hoek": "6.x.x",
            "joi": "14.x.x"
          }
        },
        "shot": {
          "version": "4.0.7",
          "resolved": "https://registry.npmjs.org/shot/-/shot-4.0.7.tgz",
          "integrity": "sha512-RKaKAGKxJ11EjJl0cf2fYVSsd4KB5Cncb9J0v7w+0iIaXpxNqFWTYNDNhBX7f0XSyDrjOH9a4OWZ9Gp/ZML+ew==",
          "requires": {
            "hoek": "6.x.x",
            "joi": "14.x.x"
          }
        },
        "somever": {
          "version": "2.0.0",
          "resolved": "https://registry.npmjs.org/somever/-/somever-2.0.0.tgz",
          "integrity": "sha512-9JaIPP+HxwYGqCDqqK3tRaTqdtQHoK6Qy3IrXhIt2q5x8fs8RcfU7BMWlFTCOgFazK8p88zIv1tHQXvAwtXMyw==",
          "requires": {
            "bounce": "1.x.x",
            "hoek": "6.x.x"
          }
        },
        "statehood": {
          "version": "6.0.9",
          "resolved": "https://registry.npmjs.org/statehood/-/statehood-6.0.9.tgz",
          "integrity": "sha512-jbFg1+MYEqfC7ABAoWZoeF4cQUtp3LUvMDUGExL76cMmleBHG7I6xlZFsE8hRi7nEySIvutHmVlLmBe9+2R5LQ==",
          "requires": {
            "boom": "7.x.x",
            "bounce": "1.x.x",
            "bourne": "1.x.x",
            "cryptiles": "4.x.x",
            "hoek": "6.x.x",
            "iron": "5.x.x",
            "joi": "14.x.x"
          }
        },
        "subtext": {
          "version": "6.0.12",
          "resolved": "https://registry.npmjs.org/subtext/-/subtext-6.0.12.tgz",
          "integrity": "sha512-yT1wCDWVgqvL9BIkWzWqgj5spUSYo/Enu09iUV8t2ZvHcr2tKGTGg2kc9tUpVEsdhp1ihsZeTAiDqh0TQciTPQ==",
          "requires": {
            "boom": "7.x.x",
            "bourne": "1.x.x",
            "content": "4.x.x",
            "hoek": "6.x.x",
            "pez": "4.x.x",
            "wreck": "14.x.x"
          }
        },
        "teamwork": {
          "version": "3.0.3",
          "resolved": "https://registry.npmjs.org/teamwork/-/teamwork-3.0.3.tgz",
          "integrity": "sha512-OCB56z+G70iA1A1OFoT+51TPzfcgN0ks75uN3yhxA+EU66WTz2BevNDK4YzMqfaL5tuAvxy4iFUn35/u8pxMaQ=="
        },
        "topo": {
          "version": "3.0.3",
          "resolved": "https://registry.npmjs.org/topo/-/topo-3.0.3.tgz",
          "integrity": "sha512-IgpPtvD4kjrJ7CRA3ov2FhWQADwv+Tdqbsf1ZnPUSAtCJ9e1Z44MmoSGDXGk4IppoZA7jd/QRkNddlLJWlUZsQ==",
          "requires": {
            "hoek": "6.x.x"
          }
        },
        "vise": {
          "version": "3.0.2",
          "resolved": "https://registry.npmjs.org/vise/-/vise-3.0.2.tgz",
          "integrity": "sha512-X52VtdRQbSBXdjcazRiY3eRgV3vTQ0B+7Wh8uC9cVv7lKfML5m9+9NHlbcgCY0R9EAqD1v/v7o9mhGh2A3ANFg==",
          "requires": {
            "hoek": "6.x.x"
          }
        },
        "wreck": {
          "version": "14.1.3",
          "resolved": "https://registry.npmjs.org/wreck/-/wreck-14.1.3.tgz",
          "integrity": "sha512-hb/BUtjX3ObbwO3slCOLCenQ4EP8e+n8j6FmTne3VhEFp5XV1faSJojiyxVSvw34vgdeTG5baLTl4NmjwokLlw==",
          "requires": {
            "boom": "7.x.x",
            "hoek": "6.x.x"
          }
        }
      }
    },
    "hasown": {
      "version": "2.0.0",
      "resolved": "https://registry.npmjs.org/hasown/-/hasown-2.0.0.tgz",
      "integrity": "sha512-vUptKVTpIJhcczKBbgnS+RtcuYMB8+oNzPK2/Hp3hanz8JmpATdmmgLgSaadVREkDm+e2giHwY3ZRkyjSIDDFA==",
      "dev": true,
      "requires": {
        "function-bind": "^1.1.2"
      }
    },
    "inflight": {
      "version": "1.0.6",
      "resolved": "https://registry.npmjs.org/inflight/-/inflight-1.0.6.tgz",
      "integrity": "sha512-k92I/b08q4wvFscXCLvqfsHCrjrF7yiXsQuIVvVE7N82W3+aqpzuUdBbfhWcy/FZR3/4IgflMgKLOsvPDrGCJA==",
      "dev": true,
      "requires": {
        "once": "^1.3.0",
        "wrappy": "1"
      }
    },
    "inherits": {
      "version": "2.0.4",
      "resolved": "https://registry.npmjs.org/inherits/-/inherits-2.0.4.tgz",
      "integrity": "sha512-k/vGaX4/Yla3WzyMCvTQOXYeIHvqOKtnqBduzTHpzpQZzAskKMhZ2K+EnBiSM9zGSoIFeMpXKxa4dYeZIQqewQ==",
      "dev": true
    },
    "ip": {
      "version": "2.0.0",
      "resolved": "https://registry.npmjs.org/ip/-/ip-2.0.0.tgz",
      "integrity": "sha512-WKa+XuLG1A1R0UWhl2+1XQSi+fZWMsYKffMZTTYsiZaUD8k2yDAj5atimTUD2TZkyCkNEeYE5NhFZmupOGtjYQ=="
    },
    "is-binary-path": {
      "version": "2.1.0",
      "resolved": "https://registry.npmjs.org/is-binary-path/-/is-binary-path-2.1.0.tgz",
      "integrity": "sha512-ZMERYes6pDydyuGidse7OsHxtbI7WVeUEozgR/g7rd0xUimYNlvZRE/K2MgZTjWy725IfelLeVcEM97mmtRGXw==",
      "dev": true,
      "requires": {
        "binary-extensions": "^2.0.0"
      }
    },
    "is-core-module": {
      "version": "2.13.1",
      "resolved": "https://registry.npmjs.org/is-core-module/-/is-core-module-2.13.1.tgz",
      "integrity": "sha512-hHrIjvZsftOsvKSn2TRYl63zvxsgE0K+0mYMoH6gD4omR5IWB2KynivBQczo3+wF1cCkjzvptnI9Q0sPU66ilw==",
      "dev": true,
      "requires": {
        "hasown": "^2.0.0"
      }
    },
    "is-extglob": {
      "version": "2.1.1",
      "resolved": "https://registry.npmjs.org/is-extglob/-/is-extglob-2.1.1.tgz",
      "integrity": "sha512-SbKbANkN603Vi4jEZv49LeVJMn4yGwsbzZworEoyEiutsN3nJYdbO36zfhGJ6QEDpOZIFkDtnq5JRxmvl3jsoQ==",
      "dev": true
    },
    "is-glob": {
      "version": "4.0.3",
      "resolved": "https://registry.npmjs.org/is-glob/-/is-glob-4.0.3.tgz",
      "integrity": "sha512-xelSayHH36ZgE7ZWhli7pW34hNbNl8Ojv5KVmkJD4hBdD3th8Tfk9vYasLM+mXWOZhFkgZfxhLSnrwRr4elSSg==",
      "dev": true,
      "requires": {
        "is-extglob": "^2.1.1"
      }
    },
    "is-number": {
      "version": "7.0.0",
      "resolved": "https://registry.npmjs.org/is-number/-/is-number-7.0.0.tgz",
      "integrity": "sha512-41Cifkg6e8TylSpdtTpeLVMqvSBEVzTttHvERD741+pnZ8ANv0004MRL43QKPDlK9cGvNp6NZWZUBlbGXYxxng==",
      "dev": true
    },
    "isemail": {
      "version": "3.2.0",
      "resolved": "https://registry.npmjs.org/isemail/-/isemail-3.2.0.tgz",
      "integrity": "sha512-zKqkK+O+dGqevc93KNsbZ/TqTUFd46MwWjYOoMrjIMZ51eU7DtQG3Wmd9SQQT7i7RVnuTPEiYEWHU3MSbxC1Tg==",
      "requires": {
        "punycode": "2.x.x"
      }
    },
    "joi": {
      "version": "17.11.0",
      "resolved": "https://registry.npmjs.org/joi/-/joi-17.11.0.tgz",
      "integrity": "sha512-NgB+lZLNoqISVy1rZocE9PZI36bL/77ie924Ri43yEvi9GUUMPeyVIr8KdFTMUlby1p0PBYMk9spIxEUQYqrJQ==",
      "dev": true,
      "requires": {
        "@hapi/hoek": "^9.0.0",
        "@hapi/topo": "^5.0.0",
        "@sideway/address": "^4.1.3",
        "@sideway/formula": "^3.0.1",
        "@sideway/pinpoint": "^2.0.0"
      }
    },
    "kareem": {
      "version": "2.5.1",
      "resolved": "https://registry.npmjs.org/kareem/-/kareem-2.5.1.tgz",
      "integrity": "sha512-7jFxRVm+jD+rkq3kY0iZDJfsO2/t4BBPeEb2qKn2lR/9KhuksYk5hxzfRYWMPV8P/x2d0kHD306YyWLzjjH+uA=="
    },
    "make-error": {
      "version": "1.3.6",
      "resolved": "https://registry.npmjs.org/make-error/-/make-error-1.3.6.tgz",
      "integrity": "sha512-s8UhlNe7vPKomQhC1qFelMokr/Sc3AgNbso3n74mVPA5LTZwkB9NlXf4XPamLxJE8h0gh73rM94xvwRT2CVInw==",
      "dev": true
    },
    "memory-pager": {
      "version": "1.5.0",
      "resolved": "https://registry.npmjs.org/memory-pager/-/memory-pager-1.5.0.tgz",
      "integrity": "sha512-ZS4Bp4r/Zoeq6+NLJpP+0Zzm0pR8whtGPf1XExKLJBAczGMnSi3It14OiNCStjQjM6NU1okjQGSxgEZN8eBYKg==",
      "optional": true
    },
    "minimatch": {
      "version": "3.1.2",
      "resolved": "https://registry.npmjs.org/minimatch/-/minimatch-3.1.2.tgz",
      "integrity": "sha512-J7p63hRiAjw1NDEww1W7i37+ByIrOWO5XQQAzZ3VOcL0PNybwpfmV/N05zFAzwQ9USyEcX6t3UO+K5aqBQOIHw==",
      "dev": true,
      "requires": {
        "brace-expansion": "^1.1.7"
      }
    },
    "minimist": {
      "version": "1.2.8",
      "resolved": "https://registry.npmjs.org/minimist/-/minimist-1.2.8.tgz",
      "integrity": "sha512-2yyAR8qBkN3YuheJanUpWC5U3bb5osDywNB8RzDVlDwDHbocAJveqqj1u8+SVD7jkWT4yvsHCpWqqWqAxb0zCA==",
      "dev": true
    },
    "mkdirp": {
      "version": "1.0.4",
      "resolved": "https://registry.npmjs.org/mkdirp/-/mkdirp-1.0.4.tgz",
      "integrity": "sha512-vVqVZQyf3WLx2Shd0qJ9xuvqgAyKPLAiqITEtqW0oIUjzo3PePDd6fW9iFz30ef7Ysp/oiWqbhszeGWW2T6Gzw==",
      "dev": true
    },
    "mongodb": {
      "version": "5.9.1",
      "resolved": "https://registry.npmjs.org/mongodb/-/mongodb-5.9.1.tgz",
      "integrity": "sha512-NBGA8AfJxGPeB12F73xXwozt8ZpeIPmCUeWRwl9xejozTXFes/3zaep9zhzs1B/nKKsw4P3I4iPfXl3K7s6g+Q==",
      "requires": {
        "@mongodb-js/saslprep": "^1.1.0",
        "bson": "^5.5.0",
        "mongodb-connection-string-url": "^2.6.0",
        "socks": "^2.7.1"
      }
    },
    "mongodb-connection-string-url": {
      "version": "2.6.0",
      "resolved": "https://registry.npmjs.org/mongodb-connection-string-url/-/mongodb-connection-string-url-2.6.0.tgz",
      "integrity": "sha512-WvTZlI9ab0QYtTYnuMLgobULWhokRjtC7db9LtcVfJ+Hsnyr5eo6ZtNAt3Ly24XZScGMelOcGtm7lSn0332tPQ==",
      "requires": {
        "@types/whatwg-url": "^8.2.1",
        "whatwg-url": "^11.0.0"
      }
    },
    "mongoose": {
      "version": "7.6.8",
      "resolved": "https://registry.npmjs.org/mongoose/-/mongoose-7.6.8.tgz",
      "integrity": "sha512-q9zAySH+UtOK5yonWyNcLfq3PxrY6s4gdta4qNGKNOE2yTVoY9FP4hQtvWYnv4rkdk7T8QmQMC7bbhJjDxIunw==",
      "requires": {
        "bson": "^5.5.0",
        "kareem": "2.5.1",
        "mongodb": "5.9.1",
        "mpath": "0.9.0",
        "mquery": "5.0.0",
        "ms": "2.1.3",
        "sift": "16.0.1"
      }
    },
    "mpath": {
      "version": "0.9.0",
      "resolved": "https://registry.npmjs.org/mpath/-/mpath-0.9.0.tgz",
      "integrity": "sha512-ikJRQTk8hw5DEoFVxHG1Gn9T/xcjtdnOKIU1JTmGjZZlg9LST2mBLmcX3/ICIbgJydT2GOc15RnNy5mHmzfSew=="
    },
    "mquery": {
      "version": "5.0.0",
      "resolved": "https://registry.npmjs.org/mquery/-/mquery-5.0.0.tgz",
      "integrity": "sha512-iQMncpmEK8R8ncT8HJGsGc9Dsp8xcgYMVSbs5jgnm1lFHTZqMJTUWTDx1LBO8+mK3tPNZWFLBghQEIOULSTHZg==",
      "requires": {
        "debug": "4.x"
      }
    },
    "ms": {
      "version": "2.1.3",
      "resolved": "https://registry.npmjs.org/ms/-/ms-2.1.3.tgz",
      "integrity": "sha512-6FlzubTLZG3J2a/NVCAleEhjzq5oxgHyaCU9yYXvcLsvoVaHJq/s5xXI6/XXP6tz7R9xAOtHnSO/tXtF3WRTlA=="
    },
    "normalize-path": {
      "version": "3.0.0",
      "resolved": "https://registry.npmjs.org/normalize-path/-/normalize-path-3.0.0.tgz",
      "integrity": "sha512-6eZs5Ls3WtCisHWp9S2GUy8dqkpGi4BVSz3GaqiE6ezub0512ESztXUwUB6C6IKbQkY2Pnb/mD4WYojCRwcwLA==",
      "dev": true
    },
    "once": {
      "version": "1.4.0",
      "resolved": "https://registry.npmjs.org/once/-/once-1.4.0.tgz",
      "integrity": "sha512-lNaJgI+2Q5URQBkccEKHTQOPaXdUxnZZElQTZY0MFUAuaEqe1E+Nyvgdz/aIyNi6Z9MzO5dv1H8n58/GELp3+w==",
      "dev": true,
      "requires": {
        "wrappy": "1"
      }
    },
    "path-is-absolute": {
      "version": "1.0.1",
      "resolved": "https://registry.npmjs.org/path-is-absolute/-/path-is-absolute-1.0.1.tgz",
      "integrity": "sha512-AVbw3UJ2e9bq64vSaS9Am0fje1Pa8pbGqTTsmXfaIiMpnr5DlDhfJOuLj9Sf95ZPVDAUerDfEk88MPmPe7UCQg==",
      "dev": true
    },
    "path-parse": {
      "version": "1.0.7",
      "resolved": "https://registry.npmjs.org/path-parse/-/path-parse-1.0.7.tgz",
      "integrity": "sha512-LDJzPVEEEPR+y48z93A0Ed0yXb8pAByGWo/k5YYdYgpY2/2EsOsksJrq7lOHxryrVOn1ejG6oAp8ahvOIQD8sw==",
      "dev": true
    },
    "picomatch": {
      "version": "2.3.1",
      "resolved": "https://registry.npmjs.org/picomatch/-/picomatch-2.3.1.tgz",
      "integrity": "sha512-JU3teHTNjmE2VCGFzuY8EXzCDVwEqB2a8fsIvwaStHhAWJEeVd1o1QD80CU6+ZdEXXSLbSsuLwJjkCBWqRQUVA==",
      "dev": true
    },
    "punycode": {
      "version": "2.3.1",
      "resolved": "https://registry.npmjs.org/punycode/-/punycode-2.3.1.tgz",
      "integrity": "sha512-vYt7UD1U9Wg6138shLtLOvdAu+8DsC/ilFtEVHcH+wydcSpNE20AfSOduf6MkRFahL5FY7X1oU7nKVZFtfq8Fg=="
    },
    "readdirp": {
      "version": "3.6.0",
      "resolved": "https://registry.npmjs.org/readdirp/-/readdirp-3.6.0.tgz",
      "integrity": "sha512-hOS089on8RduqdbhvQ5Z37A0ESjsqz6qnRcffsMU3495FuTdqSm+7bhJ29JvIOsBDEEnan5DPu9t3To9VRlMzA==",
      "dev": true,
      "requires": {
        "picomatch": "^2.2.1"
      }
    },
    "resolve": {
      "version": "1.22.8",
      "resolved": "https://registry.npmjs.org/resolve/-/resolve-1.22.8.tgz",
      "integrity": "sha512-oKWePCxqpd6FlLvGV1VU0x7bkPmmCNolxzjMf4NczoDnQcIWrAF+cPtZn5i6n+RfD2d9i0tzpKnG6Yk168yIyw==",
      "dev": true,
      "requires": {
        "is-core-module": "^2.13.0",
        "path-parse": "^1.0.7",
        "supports-preserve-symlinks-flag": "^1.0.0"
      }
    },
    "rimraf": {
      "version": "2.7.1",
      "resolved": "https://registry.npmjs.org/rimraf/-/rimraf-2.7.1.tgz",
      "integrity": "sha512-uWjbaKIK3T1OSVptzX7Nl6PvQ3qAGtKEtVRjRuazjfL3Bx5eI409VZSqgND+4UNnmzLVdPj9FqFJNPqBZFve4w==",
      "dev": true,
      "requires": {
        "glob": "^7.1.3"
      }
    },
    "sift": {
      "version": "16.0.1",
      "resolved": "https://registry.npmjs.org/sift/-/sift-16.0.1.tgz",
      "integrity": "sha512-Wv6BjQ5zbhW7VFefWusVP33T/EM0vYikCaQ2qR8yULbsilAT8/wQaXvuQ3ptGLpoKx+lihJE3y2UTgKDyyNHZQ=="
    },
    "smart-buffer": {
      "version": "4.2.0",
      "resolved": "https://registry.npmjs.org/smart-buffer/-/smart-buffer-4.2.0.tgz",
      "integrity": "sha512-94hK0Hh8rPqQl2xXc3HsaBoOXKV20MToPkcXvwbISWLEs+64sBq5kFgn2kJDHb1Pry9yrP0dxrCI9RRci7RXKg=="
    },
    "socks": {
      "version": "2.7.1",
      "resolved": "https://registry.npmjs.org/socks/-/socks-2.7.1.tgz",
      "integrity": "sha512-7maUZy1N7uo6+WVEX6psASxtNlKaNVMlGQKkG/63nEDdLOWNbiUMoLK7X4uYoLhQstau72mLgfEWcXcwsaHbYQ==",
      "requires": {
        "ip": "^2.0.0",
        "smart-buffer": "^4.2.0"
      }
    },
    "source-map": {
      "version": "0.6.1",
      "resolved": "https://registry.npmjs.org/source-map/-/source-map-0.6.1.tgz",
      "integrity": "sha512-UjgapumWlbMhkBgzT7Ykc5YXUT46F0iKu8SGXq0bcwP5dz/h0Plj6enJqjz1Zbq2l5WaqYnrVbwWOWMyF3F47g==",
      "dev": true
    },
    "source-map-support": {
      "version": "0.5.21",
      "resolved": "https://registry.npmjs.org/source-map-support/-/source-map-support-0.5.21.tgz",
      "integrity": "sha512-uBHU3L3czsIyYXKX88fdrGovxdSCoTGDRZ6SYXtSRxLZUzHg5P/66Ht6uoUlHu9EZod+inXhKo3qQgwXUT/y1w==",
      "dev": true,
      "requires": {
        "buffer-from": "^1.0.0",
        "source-map": "^0.6.0"
      }
    },
    "sparse-bitfield": {
      "version": "3.0.3",
      "resolved": "https://registry.npmjs.org/sparse-bitfield/-/sparse-bitfield-3.0.3.tgz",
      "integrity": "sha512-kvzhi7vqKTfkh0PZU+2D2PIllw2ymqJKujUcyPMd9Y75Nv4nPbGJZXNhxsgdQab2BmlDct1YnfQCguEvHr7VsQ==",
      "optional": true,
      "requires": {
        "memory-pager": "^1.0.2"
      }
    },
    "strip-bom": {
      "version": "3.0.0",
      "resolved": "https://registry.npmjs.org/strip-bom/-/strip-bom-3.0.0.tgz",
      "integrity": "sha512-vavAMRXOgBVNF6nyEEmL3DBK19iRpDcoIwW+swQ+CbGiu7lju6t+JklA1MHweoWtadgt4ISVUsXLyDq34ddcwA==",
      "dev": true
    },
    "strip-json-comments": {
      "version": "2.0.1",
      "resolved": "https://registry.npmjs.org/strip-json-comments/-/strip-json-comments-2.0.1.tgz",
      "integrity": "sha512-4gB8na07fecVVkOI6Rs4e7T6NOTki5EmL7TUduTs6bu3EdnSycntVJ4re8kgZA+wx9IueI2Y11bfbgwtzuE0KQ==",
      "dev": true
    },
    "supports-preserve-symlinks-flag": {
      "version": "1.0.0",
      "resolved": "https://registry.npmjs.org/supports-preserve-symlinks-flag/-/supports-preserve-symlinks-flag-1.0.0.tgz",
      "integrity": "sha512-ot0WnXS9fgdkgIcePe6RHNk1WA8+muPa6cSjeR3V8K27q9BB1rTE3R1p7Hv0z1ZyAc8s6Vvv8DIyWf681MAt0w==",
      "dev": true
    },
    "to-regex-range": {
      "version": "5.0.1",
      "resolved": "https://registry.npmjs.org/to-regex-range/-/to-regex-range-5.0.1.tgz",
      "integrity": "sha512-65P7iz6X5yEr1cwcgvQxbbIw7Uk3gOy5dIdtZ4rDveLqhrdJP+Li/Hx6tyK0NEb+2GCyneCMJiGqrADCSNk8sQ==",
      "dev": true,
      "requires": {
        "is-number": "^7.0.0"
      }
    },
    "tr46": {
      "version": "3.0.0",
      "resolved": "https://registry.npmjs.org/tr46/-/tr46-3.0.0.tgz",
      "integrity": "sha512-l7FvfAHlcmulp8kr+flpQZmVwtu7nfRV7NZujtN0OqES8EL4O4e0qqzL0DC5gAvx/ZC/9lk6rhcUwYvkBnBnYA==",
      "requires": {
        "punycode": "^2.1.1"
      }
    },
    "tree-kill": {
      "version": "1.2.2",
      "resolved": "https://registry.npmjs.org/tree-kill/-/tree-kill-1.2.2.tgz",
      "integrity": "sha512-L0Orpi8qGpRG//Nd+H90vFB+3iHnue1zSSGmNOOCh1GLJ7rUKVwV2HvijphGQS2UmhUZewS9VgvxYIdgr+fG1A==",
      "dev": true
    },
    "ts-node": {
      "version": "10.9.2",
      "resolved": "https://registry.npmjs.org/ts-node/-/ts-node-10.9.2.tgz",
      "integrity": "sha512-f0FFpIdcHgn8zcPSbf1dRevwt047YMnaiJM3u2w2RewrB+fob/zePZcrOyQoLMMO7aBIddLcQIEK5dYjkLnGrQ==",
      "dev": true,
      "requires": {
        "@cspotcode/source-map-support": "^0.8.0",
        "@tsconfig/node10": "^1.0.7",
        "@tsconfig/node12": "^1.0.7",
        "@tsconfig/node14": "^1.0.0",
        "@tsconfig/node16": "^1.0.2",
        "acorn": "^8.4.1",
        "acorn-walk": "^8.1.1",
        "arg": "^4.1.0",
        "create-require": "^1.1.0",
        "diff": "^4.0.1",
        "make-error": "^1.1.1",
        "v8-compile-cache-lib": "^3.0.1",
        "yn": "3.1.1"
      }
    },
    "ts-node-dev": {
      "version": "2.0.0",
      "resolved": "https://registry.npmjs.org/ts-node-dev/-/ts-node-dev-2.0.0.tgz",
      "integrity": "sha512-ywMrhCfH6M75yftYvrvNarLEY+SUXtUvU8/0Z6llrHQVBx12GiFk5sStF8UdfE/yfzk9IAq7O5EEbTQsxlBI8w==",
      "dev": true,
      "requires": {
        "chokidar": "^3.5.1",
        "dynamic-dedupe": "^0.3.0",
        "minimist": "^1.2.6",
        "mkdirp": "^1.0.4",
        "resolve": "^1.0.0",
        "rimraf": "^2.6.1",
        "source-map-support": "^0.5.12",
        "tree-kill": "^1.2.2",
        "ts-node": "^10.4.0",
        "tsconfig": "^7.0.0"
      }
    },
    "tsconfig": {
      "version": "7.0.0",
      "resolved": "https://registry.npmjs.org/tsconfig/-/tsconfig-7.0.0.tgz",
      "integrity": "sha512-vZXmzPrL+EmC4T/4rVlT2jNVMWCi/O4DIiSj3UHg1OE5kCKbk4mfrXc6dZksLgRM/TZlKnousKH9bbTazUWRRw==",
      "dev": true,
      "requires": {
        "@types/strip-bom": "^3.0.0",
        "@types/strip-json-comments": "0.0.30",
        "strip-bom": "^3.0.0",
        "strip-json-comments": "^2.0.0"
      }
    },
    "typescript": {
      "version": "5.3.3",
      "resolved": "https://registry.npmjs.org/typescript/-/typescript-5.3.3.tgz",
      "integrity": "sha512-pXWcraxM0uxAS+tN0AG/BF2TyqmHO014Z070UsJ+pFvYuRSq8KH8DmWpnbXe0pEPDHXZV3FcAbJkijJ5oNEnWw==",
      "dev": true
    },
    "undici-types": {
      "version": "5.26.5",
      "resolved": "https://registry.npmjs.org/undici-types/-/undici-types-5.26.5.tgz",
      "integrity": "sha512-JlCMO+ehdEIKqlFxk6IfVoAUVmgz7cU7zD/h9XZ0qzeosSHmUJVOzSQvvYSYWXkFXC+IfLKSIffhv0sVZup6pA=="
    },
    "v8-compile-cache-lib": {
      "version": "3.0.1",
      "resolved": "https://registry.npmjs.org/v8-compile-cache-lib/-/v8-compile-cache-lib-3.0.1.tgz",
      "integrity": "sha512-wa7YjyUGfNZngI/vtK0UHAN+lgDCxBPCylVXGp0zu59Fz5aiGtNXaq3DhIov063MorB+VfufLh3JlF2KdTK3xg==",
      "dev": true
    },
    "webidl-conversions": {
      "version": "7.0.0",
      "resolved": "https://registry.npmjs.org/webidl-conversions/-/webidl-conversions-7.0.0.tgz",
      "integrity": "sha512-VwddBukDzu71offAQR975unBIGqfKZpM+8ZX6ySk8nYhVoo5CYaZyzt3YBvYtRtO+aoGlqxPg/B87NGVZ/fu6g=="
    },
    "whatwg-url": {
      "version": "11.0.0",
      "resolved": "https://registry.npmjs.org/whatwg-url/-/whatwg-url-11.0.0.tgz",
      "integrity": "sha512-RKT8HExMpoYx4igMiVMY83lN6UeITKJlBQ+vR/8ZJ8OCdSiN3RwCq+9gH0+Xzj0+5IrM6i4j/6LuvzbZIQgEcQ==",
      "requires": {
        "tr46": "^3.0.0",
        "webidl-conversions": "^7.0.0"
      }
    },
    "wrappy": {
      "version": "1.0.2",
      "resolved": "https://registry.npmjs.org/wrappy/-/wrappy-1.0.2.tgz",
      "integrity": "sha512-l4Sp/DRseor9wL6EvV2+TuQn63dMkPjZ/sp9XkghTEbV9KlPS1xUsZ3u7/IQO4wxtcFB4bgpQPRcR3QCvezPcQ==",
      "dev": true
    },
    "xtend": {
      "version": "4.0.2",
      "resolved": "https://registry.npmjs.org/xtend/-/xtend-4.0.2.tgz",
      "integrity": "sha512-LKYU1iAXJXUgAXn9URjiu+MWhyUXHsvfp7mcuYm9dSUKK0/CjtrUwFAxD82/mCWbtLsGjFIad0wIsod4zrTAEQ==",
      "dev": true
    },
    "yn": {
      "version": "3.1.1",
      "resolved": "https://registry.npmjs.org/yn/-/yn-3.1.1.tgz",
      "integrity": "sha512-Ux4ygGWsu2c7isFWe8Yu1YluJmqVhxqK2cLXNQA5AcC3QfbGNpM7fu0Y8b/z16pXLnFxZYvWhd3fhBY9DLmC6Q==",
      "dev": true
    }
  }
}
